// !$*UTF8*$!
{
	archiveVersion = 1;
	classes = {
	};
	objectVersion = 48;
	objects = {

/* Begin PBXBuildFile section */
		F6E402FB20CAD094001FDEBB /* AppDelegate.swift in Sources */ = {isa = PBXBuildFile; fileRef = F6E402FA20CAD094001FDEBB /* AppDelegate.swift */; };
		F6E402FD20CAD094001FDEBB /* ViewController.swift in Sources */ = {isa = PBXBuildFile; fileRef = F6E402FC20CAD094001FDEBB /* ViewController.swift */; };
		F6E4030020CAD094001FDEBB /* Main.storyboard in Resources */ = {isa = PBXBuildFile; fileRef = F6E402FE20CAD094001FDEBB /* Main.storyboard */; };
		F6E4030220CAD094001FDEBB /* Assets.xcassets in Resources */ = {isa = PBXBuildFile; fileRef = F6E4030120CAD094001FDEBB /* Assets.xcassets */; };
		F6E4030520CAD094001FDEBB /* LaunchScreen.storyboard in Resources */ = {isa = PBXBuildFile; fileRef = F6E4030320CAD094001FDEBB /* LaunchScreen.storyboard */; };
		F6E4031220CAD1BA001FDEBB /* Delm-Medium.otf in Resources */ = {isa = PBXBuildFile; fileRef = F6E4031020CAD1BA001FDEBB /* Delm-Medium.otf */; };
		F6E4031320CAD1BA001FDEBB /* ThirstySoftRegular.otf in Resources */ = {isa = PBXBuildFile; fileRef = F6E4031120CAD1BA001FDEBB /* ThirstySoftRegular.otf */; };
		F6E4031520CB032A001FDEBB /* PictureCanvasView.swift in Sources */ = {isa = PBXBuildFile; fileRef = F6E4031420CB032A001FDEBB /* PictureCanvasView.swift */; };
/* End PBXBuildFile section */

/* Begin PBXFileReference section */
		F6E402F720CAD094001FDEBB /* Instagrid_Project5.app */ = {isa = PBXFileReference; explicitFileType = wrapper.application; includeInIndex = 0; path = Instagrid_Project5.app; sourceTree = BUILT_PRODUCTS_DIR; };
		F6E402FA20CAD094001FDEBB /* AppDelegate.swift */ = {isa = PBXFileReference; lastKnownFileType = sourcecode.swift; path = AppDelegate.swift; sourceTree = "<group>"; };
		F6E402FC20CAD094001FDEBB /* ViewController.swift */ = {isa = PBXFileReference; lastKnownFileType = sourcecode.swift; path = ViewController.swift; sourceTree = "<group>"; };
		F6E402FF20CAD094001FDEBB /* Base */ = {isa = PBXFileReference; lastKnownFileType = file.storyboard; name = Base; path = Base.lproj/Main.storyboard; sourceTree = "<group>"; };
		F6E4030120CAD094001FDEBB /* Assets.xcassets */ = {isa = PBXFileReference; lastKnownFileType = folder.assetcatalog; path = Assets.xcassets; sourceTree = "<group>"; };
		F6E4030420CAD094001FDEBB /* Base */ = {isa = PBXFileReference; lastKnownFileType = file.storyboard; name = Base; path = Base.lproj/LaunchScreen.storyboard; sourceTree = "<group>"; };
		F6E4030620CAD094001FDEBB /* Info.plist */ = {isa = PBXFileReference; lastKnownFileType = text.plist.xml; path = Info.plist; sourceTree = "<group>"; };
		F6E4031020CAD1BA001FDEBB /* Delm-Medium.otf */ = {isa = PBXFileReference; lastKnownFileType = file; path = "Delm-Medium.otf"; sourceTree = "<group>"; };
		F6E4031120CAD1BA001FDEBB /* ThirstySoftRegular.otf */ = {isa = PBXFileReference; lastKnownFileType = file; path = ThirstySoftRegular.otf; sourceTree = "<group>"; };
		F6E4031420CB032A001FDEBB /* PictureCanvasView.swift */ = {isa = PBXFileReference; lastKnownFileType = sourcecode.swift; path = PictureCanvasView.swift; sourceTree = "<group>"; };
/* End PBXFileReference section */

/* Begin PBXFrameworksBuildPhase section */
		F6E402F420CAD094001FDEBB /* Frameworks */ = {
			isa = PBXFrameworksBuildPhase;
			buildActionMask = 2147483647;
			files = (
			);
			runOnlyForDeploymentPostprocessing = 0;
		};
/* End PBXFrameworksBuildPhase section */

/* Begin PBXGroup section */
		F6E402EE20CAD094001FDEBB = {
			isa = PBXGroup;
			children = (
				F6E402F920CAD094001FDEBB /* Instagrid_Project5 */,
				F6E402F820CAD094001FDEBB /* Products */,
			);
			sourceTree = "<group>";
		};
		F6E402F820CAD094001FDEBB /* Products */ = {
			isa = PBXGroup;
			children = (
				F6E402F720CAD094001FDEBB /* Instagrid_Project5.app */,
			);
			name = Products;
			sourceTree = "<group>";
		};
		F6E402F920CAD094001FDEBB /* Instagrid_Project5 */ = {
			isa = PBXGroup;
			children = (
				F6E4030E20CAD0B4001FDEBB /* Model */,
				F6E4030D20CAD0AE001FDEBB /* Controler */,
				F6E4030C20CAD0A4001FDEBB /* View */,
				F6E4030F20CAD0EA001FDEBB /* Supporting Files */,
				F6E4030620CAD094001FDEBB /* Info.plist */,
			);
			path = Instagrid_Project5;
			sourceTree = "<group>";
		};
		F6E4030C20CAD0A4001FDEBB /* View */ = {
			isa = PBXGroup;
			children = (
				F6E402FE20CAD094001FDEBB /* Main.storyboard */,
				F6E4031420CB032A001FDEBB /* PictureCanvasView.swift */,
			);
			path = View;
			sourceTree = "<group>";
		};
		F6E4030D20CAD0AE001FDEBB /* Controler */ = {
			isa = PBXGroup;
			children = (
				F6E402FC20CAD094001FDEBB /* ViewController.swift */,
			);
			path = Controler;
			sourceTree = "<group>";
		};
		F6E4030E20CAD0B4001FDEBB /* Model */ = {
			isa = PBXGroup;
			children = (
			);
			path = Model;
			sourceTree = "<group>";
		};
		F6E4030F20CAD0EA001FDEBB /* Supporting Files */ = {
			isa = PBXGroup;
			children = (
				F6E4030120CAD094001FDEBB /* Assets.xcassets */,
				F6E4031020CAD1BA001FDEBB /* Delm-Medium.otf */,
				F6E4031120CAD1BA001FDEBB /* ThirstySoftRegular.otf */,
				F6E402FA20CAD094001FDEBB /* AppDelegate.swift */,
				F6E4030320CAD094001FDEBB /* LaunchScreen.storyboard */,
			);
			path = "Supporting Files";
			sourceTree = "<group>";
		};
/* End PBXGroup section */

/* Begin PBXNativeTarget section */
		F6E402F620CAD094001FDEBB /* Instagrid_Project5 */ = {
			isa = PBXNativeTarget;
			buildConfigurationList = F6E4030920CAD094001FDEBB /* Build configuration list for PBXNativeTarget "Instagrid_Project5" */;
			buildPhases = (
				F6E402F320CAD094001FDEBB /* Sources */,
				F6E402F420CAD094001FDEBB /* Frameworks */,
				F6E402F520CAD094001FDEBB /* Resources */,
			);
			buildRules = (
			);
			dependencies = (
			);
			name = Instagrid_Project5;
			productName = Instagrid_Project5;
			productReference = F6E402F720CAD094001FDEBB /* Instagrid_Project5.app */;
			productType = "com.apple.product-type.application";
		};
/* End PBXNativeTarget section */

/* Begin PBXProject section */
		F6E402EF20CAD094001FDEBB /* Project object */ = {
			isa = PBXProject;
			attributes = {
				LastSwiftUpdateCheck = 0920;
				LastUpgradeCheck = 0920;
				ORGANIZATIONNAME = "Thibault Dev";
				TargetAttributes = {
					F6E402F620CAD094001FDEBB = {
						CreatedOnToolsVersion = 9.2;
						ProvisioningStyle = Automatic;
					};
				};
			};
			buildConfigurationList = F6E402F220CAD094001FDEBB /* Build configuration list for PBXProject "Instagrid_Project5" */;
			compatibilityVersion = "Xcode 8.0";
			developmentRegion = en;
			hasScannedForEncodings = 0;
			knownRegions = (
				en,
				Base,
			);
			mainGroup = F6E402EE20CAD094001FDEBB;
			productRefGroup = F6E402F820CAD094001FDEBB /* Products */;
			projectDirPath = "";
			projectRoot = "";
			targets = (
				F6E402F620CAD094001FDEBB /* Instagrid_Project5 */,
			);
		};
/* End PBXProject section */

/* Begin PBXResourcesBuildPhase section */
		F6E402F520CAD094001FDEBB /* Resources */ = {
			isa = PBXResourcesBuildPhase;
			buildActionMask = 2147483647;
			files = (
				F6E4030520CAD094001FDEBB /* LaunchScreen.storyboard in Resources */,
				F6E4030220CAD094001FDEBB /* Assets.xcassets in Resources */,
				F6E4031320CAD1BA001FDEBB /* ThirstySoftRegular.otf in Resources */,
				F6E4031220CAD1BA001FDEBB /* Delm-Medium.otf in Resources */,
				F6E4030020CAD094001FDEBB /* Main.storyboard in Resources */,
			);
			runOnlyForDeploymentPostprocessing = 0;
		};
/* End PBXResourcesBuildPhase section */

/* Begin PBXSourcesBuildPhase section */
		F6E402F320CAD094001FDEBB /* Sources */ = {
			isa = PBXSourcesBuildPhase;
			buildActionMask = 2147483647;
			files = (
				F6E402FD20CAD094001FDEBB /* ViewController.swift in Sources */,
				F6E4031520CB032A001FDEBB /* PictureCanvasView.swift in Sources */,
				F6E402FB20CAD094001FDEBB /* AppDelegate.swift in Sources */,
			);
			runOnlyForDeploymentPostprocessing = 0;
		};
/* End PBXSourcesBuildPhase section */

/* Begin PBXVariantGroup section */
		F6E402FE20CAD094001FDEBB /* Main.storyboard */ = {
			isa = PBXVariantGroup;
			children = (
				F6E402FF20CAD094001FDEBB /* Base */,
			);
			name = Main.storyboard;
			sourceTree = "<group>";
		};
		F6E4030320CAD094001FDEBB /* LaunchScreen.storyboard */ = {
			isa = PBXVariantGroup;
			children = (
				F6E4030420CAD094001FDEBB /* Base */,
			);
			name = LaunchScreen.storyboard;
			sourceTree = "<group>";
		};
/* End PBXVariantGroup section */

/* Begin XCBuildConfiguration section */
		F6E4030720CAD094001FDEBB /* Debug */ = {
			isa = XCBuildConfiguration;
			buildSettings = {
				ALWAYS_SEARCH_USER_PATHS = NO;
				CLANG_ANALYZER_NONNULL = YES;
				CLANG_ANALYZER_NUMBER_OBJECT_CONVERSION = YES_AGGRESSIVE;
				CLANG_CXX_LANGUAGE_STANDARD = "gnu++14";
				CLANG_CXX_LIBRARY = "libc++";
				CLANG_ENABLE_MODULES = YES;
				CLANG_ENABLE_OBJC_ARC = YES;
				CLANG_WARN_BLOCK_CAPTURE_AUTORELEASING = YES;
				CLANG_WARN_BOOL_CONVERSION = YES;
				CLANG_WARN_COMMA = YES;
				CLANG_WARN_CONSTANT_CONVERSION = YES;
				CLANG_WARN_DIRECT_OBJC_ISA_USAGE = YES_ERROR;
				CLANG_WARN_DOCUMENTATION_COMMENTS = YES;
				CLANG_WARN_EMPTY_BODY = YES;
				CLANG_WARN_ENUM_CONVERSION = YES;
				CLANG_WARN_INFINITE_RECURSION = YES;
				CLANG_WARN_INT_CONVERSION = YES;
				CLANG_WARN_NON_LITERAL_NULL_CONVERSION = YES;
				CLANG_WARN_OBJC_LITERAL_CONVERSION = YES;
				CLANG_WARN_OBJC_ROOT_CLASS = YES_ERROR;
				CLANG_WARN_RANGE_LOOP_ANALYSIS = YES;
				CLANG_WARN_STRICT_PROTOTYPES = YES;
				CLANG_WARN_SUSPICIOUS_MOVE = YES;
				CLANG_WARN_UNGUARDED_AVAILABILITY = YES_AGGRESSIVE;
				CLANG_WARN_UNREACHABLE_CODE = YES;
				CLANG_WARN__DUPLICATE_METHOD_MATCH = YES;
				CODE_SIGN_IDENTITY = "iPhone Developer";
				COPY_PHASE_STRIP = NO;
				DEBUG_INFORMATION_FORMAT = dwarf;
				ENABLE_STRICT_OBJC_MSGSEND = YES;
				ENABLE_TESTABILITY = YES;
				GCC_C_LANGUAGE_STANDARD = gnu11;
				GCC_DYNAMIC_NO_PIC = NO;
				GCC_NO_COMMON_BLOCKS = YES;
				GCC_OPTIMIZATION_LEVEL = 0;
				GCC_PREPROCESSOR_DEFINITIONS = (
					"DEBUG=1",
					"$(inherited)",
				);
				GCC_WARN_64_TO_32_BIT_CONVERSION = YES;
				GCC_WARN_ABOUT_RETURN_TYPE = YES_ERROR;
				GCC_WARN_UNDECLARED_SELECTOR = YES;
				GCC_WARN_UNINITIALIZED_AUTOS = YES_AGGRESSIVE;
				GCC_WARN_UNUSED_FUNCTION = YES;
				GCC_WARN_UNUSED_VARIABLE = YES;
				IPHONEOS_DEPLOYMENT_TARGET = 11.2;
				MTL_ENABLE_DEBUG_INFO = YES;
				ONLY_ACTIVE_ARCH = YES;
				SDKROOT = iphoneos;
				SWIFT_ACTIVE_COMPILATION_CONDITIONS = DEBUG;
				SWIFT_OPTIMIZATION_LEVEL = "-Onone";
			};
			name = Debug;
		};
		F6E4030820CAD094001FDEBB /* Release */ = {
			isa = XCBuildConfiguration;
			buildSettings = {
				ALWAYS_SEARCH_USER_PATHS = NO;
				CLANG_ANALYZER_NONNULL = YES;
				CLANG_ANALYZER_NUMBER_OBJECT_CONVERSION = YES_AGGRESSIVE;
				CLANG_CXX_LANGUAGE_STANDARD = "gnu++14";
				CLANG_CXX_LIBRARY = "libc++";
				CLANG_ENABLE_MODULES = YES;
				CLANG_ENABLE_OBJC_ARC = YES;
				CLANG_WARN_BLOCK_CAPTURE_AUTORELEASING = YES;
				CLANG_WARN_BOOL_CONVERSION = YES;
				CLANG_WARN_COMMA = YES;
				CLANG_WARN_CONSTANT_CONVERSION = YES;
				CLANG_WARN_DIRECT_OBJC_ISA_USAGE = YES_ERROR;
				CLANG_WARN_DOCUMENTATION_COMMENTS = YES;
				CLANG_WARN_EMPTY_BODY = YES;
				CLANG_WARN_ENUM_CONVERSION = YES;
				CLANG_WARN_INFINITE_RECURSION = YES;
				CLANG_WARN_INT_CONVERSION = YES;
				CLANG_WARN_NON_LITERAL_NULL_CONVERSION = YES;
				CLANG_WARN_OBJC_LITERAL_CONVERSION = YES;
				CLANG_WARN_OBJC_ROOT_CLASS = YES_ERROR;
				CLANG_WARN_RANGE_LOOP_ANALYSIS = YES;
				CLANG_WARN_STRICT_PROTOTYPES = YES;
				CLANG_WARN_SUSPICIOUS_MOVE = YES;
				CLANG_WARN_UNGUARDED_AVAILABILITY = YES_AGGRESSIVE;
				CLANG_WARN_UNREACHABLE_CODE = YES;
				CLANG_WARN__DUPLICATE_METHOD_MATCH = YES;
				CODE_SIGN_IDENTITY = "iPhone Developer";
				COPY_PHASE_STRIP = NO;
				DEBUG_INFORMATION_FORMAT = "dwarf-with-dsym";
				ENABLE_NS_ASSERTIONS = NO;
				ENABLE_STRICT_OBJC_MSGSEND = YES;
				GCC_C_LANGUAGE_STANDARD = gnu11;
				GCC_NO_COMMON_BLOCKS = YES;
				GCC_WARN_64_TO_32_BIT_CONVERSION = YES;
				GCC_WARN_ABOUT_RETURN_TYPE = YES_ERROR;
				GCC_WARN_UNDECLARED_SELECTOR = YES;
				GCC_WARN_UNINITIALIZED_AUTOS = YES_AGGRESSIVE;
				GCC_WARN_UNUSED_FUNCTION = YES;
				GCC_WARN_UNUSED_VARIABLE = YES;
				IPHONEOS_DEPLOYMENT_TARGET = 11.2;
				MTL_ENABLE_DEBUG_INFO = NO;
				SDKROOT = iphoneos;
				SWIFT_OPTIMIZATION_LEVEL = "-Owholemodule";
				VALIDATE_PRODUCT = YES;
			};
			name = Release;
		};
		F6E4030A20CAD094001FDEBB /* Debug */ = {
			isa = XCBuildConfiguration;
			buildSettings = {
				ASSETCATALOG_COMPILER_APPICON_NAME = AppIcon;
				CODE_SIGN_STYLE = Automatic;
				INFOPLIST_FILE = Instagrid_Project5/Info.plist;
				LD_RUNPATH_SEARCH_PATHS = "$(inherited) @executable_path/Frameworks";
				PRODUCT_BUNDLE_IDENTIFIER = "com.thibaultdev.Instagrid-Project5";
				PRODUCT_NAME = "$(TARGET_NAME)";
				SWIFT_VERSION = 4.0;
				TARGETED_DEVICE_FAMILY = "1,2";
			};
			name = Debug;
		};
		F6E4030B20CAD094001FDEBB /* Release */ = {
			isa = XCBuildConfiguration;
			buildSettings = {
				ASSETCATALOG_COMPILER_APPICON_NAME = AppIcon;
				CODE_SIGN_STYLE = Automatic;
				INFOPLIST_FILE = Instagrid_Project5/Info.plist;
				LD_RUNPATH_SEARCH_PATHS = "$(inherited) @executable_path/Frameworks";
				PRODUCT_BUNDLE_IDENTIFIER = "com.thibaultdev.Instagrid-Project5";
				PRODUCT_NAME = "$(TARGET_NAME)";
				SWIFT_VERSION = 4.0;
				TARGETED_DEVICE_FAMILY = "1,2";
			};
			name = Release;
		};
/* End XCBuildConfiguration section */

/* Begin XCConfigurationList section */
		F6E402F220CAD094001FDEBB /* Build configuration list for PBXProject "Instagrid_Project5" */ = {
			isa = XCConfigurationList;
			buildConfigurations = (
				F6E4030720CAD094001FDEBB /* Debug */,
				F6E4030820CAD094001FDEBB /* Release */,
			);
			defaultConfigurationIsVisible = 0;
			defaultConfigurationName = Release;
		};
		F6E4030920CAD094001FDEBB /* Build configuration list for PBXNativeTarget "Instagrid_Project5" */ = {
			isa = XCConfigurationList;
			buildConfigurations = (
				F6E4030A20CAD094001FDEBB /* Debug */,
				F6E4030B20CAD094001FDEBB /* Release */,
			);
			defaultConfigurationIsVisible = 0;
			defaultConfigurationName = Release;
		};
/* End XCConfigurationList section */
	};
	rootObject = F6E402EF20CAD094001FDEBB /* Project object */;
}
